
Microsoft Visual Studio Solution File, Format Version 12.00
# Visual Studio Version 17
VisualStudioVersion = 17.8.34316.72
MinimumVisualStudioVersion = 10.0.40219.1
Project("{9A19103F-16F7-4668-BE54-9A1E7A4F7556}") = "Thread_test", "Thread_test.csproj", "{C58490D0-9D2D-4138-906A-82DAB5510230}"
EndProject
Project("{9A19103F-16F7-4668-BE54-9A1E7A4F7556}") = "Thread_test2", "..\Thread_test2\Thread_test2.csproj", "{7A2FFC15-6F87-4548-AF19-D10B1439C04C}"
EndProject
Project("{9A19103F-16F7-4668-BE54-9A1E7A4F7556}") = "task_async", "..\task_async\task_async.csproj", "{36E03A7C-89C0-4649-A729-FC53BA09CFEC}"
EndProject
Project("{9A19103F-16F7-4668-BE54-9A1E7A4F7556}") = "drill_test", "..\drill_test\drill_test.csproj", "{5CAE6614-125C-489D-AEE0-2EA3955E3A99}"
EndProject
Project("{FAE04EC0-301F-11D3-BF4B-00C04F79EFBC}") = "simplewindow", "..\simplewindow\simplewindow.csproj", "{1EA63D0E-303A-4887-910E-1E5CD84CB776}"
EndProject
Project("{FAE04EC0-301F-11D3-BF4B-00C04F79EFBC}") = "simplepaint", "..\simplepaint\simplepaint.csproj", "{DFF2B380-D568-47C8-915B-CBEA33FBB159}"
EndProject
Project("{FAE04EC0-301F-11D3-BF4B-00C04F79EFBC}") = "AsyncFileIOWindForm", "..\AsyncFileIOWindForm\AsyncFileIOWindForm.csproj", "{F6842797-0FC1-4EC2-82AA-FD730BA61792}"
EndProject
Global
	GlobalSection(SolutionConfigurationPlatforms) = preSolution
		Debug|Any CPU = Debug|Any CPU
		Release|Any CPU = Release|Any CPU
	EndGlobalSection
	GlobalSection(ProjectConfigurationPlatforms) = postSolution
		{C58490D0-9D2D-4138-906A-82DAB5510230}.Debug|Any CPU.ActiveCfg = Debug|Any CPU
		{C58490D0-9D2D-4138-906A-82DAB5510230}.Debug|Any CPU.Build.0 = Debug|Any CPU
		{C58490D0-9D2D-4138-906A-82DAB5510230}.Release|Any CPU.ActiveCfg = Release|Any CPU
		{C58490D0-9D2D-4138-906A-82DAB5510230}.Release|Any CPU.Build.0 = Release|Any CPU
		{7A2FFC15-6F87-4548-AF19-D10B1439C04C}.Debug|Any CPU.ActiveCfg = Debug|Any CPU
		{7A2FFC15-6F87-4548-AF19-D10B1439C04C}.Debug|Any CPU.Build.0 = Debug|Any CPU
		{7A2FFC15-6F87-4548-AF19-D10B1439C04C}.Release|Any CPU.ActiveCfg = Release|Any CPU
		{7A2FFC15-6F87-4548-AF19-D10B1439C04C}.Release|Any CPU.Build.0 = Release|Any CPU
		{36E03A7C-89C0-4649-A729-FC53BA09CFEC}.Debug|Any CPU.ActiveCfg = Debug|Any CPU
		{36E03A7C-89C0-4649-A729-FC53BA09CFEC}.Debug|Any CPU.Build.0 = Debug|Any CPU
		{36E03A7C-89C0-4649-A729-FC53BA09CFEC}.Release|Any CPU.ActiveCfg = Release|Any CPU
		{36E03A7C-89C0-4649-A729-FC53BA09CFEC}.Release|Any CPU.Build.0 = Release|Any CPU
		{5CAE6614-125C-489D-AEE0-2EA3955E3A99}.Debug|Any CPU.ActiveCfg = Debug|Any CPU
		{5CAE6614-125C-489D-AEE0-2EA3955E3A99}.Debug|Any CPU.Build.0 = Debug|Any CPU
		{5CAE6614-125C-489D-AEE0-2EA3955E3A99}.Release|Any CPU.ActiveCfg = Release|Any CPU
		{5CAE6614-125C-489D-AEE0-2EA3955E3A99}.Release|Any CPU.Build.0 = Release|Any CPU
		{1EA63D0E-303A-4887-910E-1E5CD84CB776}.Debug|Any CPU.ActiveCfg = Debug|Any CPU
		{1EA63D0E-303A-4887-910E-1E5CD84CB776}.Debug|Any CPU.Build.0 = Debug|Any CPU
		{1EA63D0E-303A-4887-910E-1E5CD84CB776}.Release|Any CPU.ActiveCfg = Release|Any CPU
		{1EA63D0E-303A-4887-910E-1E5CD84CB776}.Release|Any CPU.Build.0 = Release|Any CPU
		{DFF2B380-D568-47C8-915B-CBEA33FBB159}.Debug|Any CPU.ActiveCfg = Debug|Any CPU
		{DFF2B380-D568-47C8-915B-CBEA33FBB159}.Debug|Any CPU.Build.0 = Debug|Any CPU
		{DFF2B380-D568-47C8-915B-CBEA33FBB159}.Release|Any CPU.ActiveCfg = Release|Any CPU
		{DFF2B380-D568-47C8-915B-CBEA33FBB159}.Release|Any CPU.Build.0 = Release|Any CPU
		{F6842797-0FC1-4EC2-82AA-FD730BA61792}.Debug|Any CPU.ActiveCfg = Debug|Any CPU
		{F6842797-0FC1-4EC2-82AA-FD730BA61792}.Debug|Any CPU.Build.0 = Debug|Any CPU
		{F6842797-0FC1-4EC2-82AA-FD730BA61792}.Release|Any CPU.ActiveCfg = Release|Any CPU
		{F6842797-0FC1-4EC2-82AA-FD730BA61792}.Release|Any CPU.Build.0 = Release|Any CPU
	EndGlobalSection
	GlobalSection(SolutionProperties) = preSolution
		HideSolutionNode = FALSE
	EndGlobalSection
	GlobalSection(ExtensibilityGlobals) = postSolution
		SolutionGuid = {53DD7530-C635-4E03-8E21-5DAC0167D4F7}
	EndGlobalSection
EndGlobal
