
Microsoft Visual Studio Solution File, Format Version 12.00
# Visual Studio Version 17
VisualStudioVersion = 17.8.34316.72
MinimumVisualStudioVersion = 10.0.40219.1
Project("{9A19103F-16F7-4668-BE54-9A1E7A4F7556}") = "Thread_test", "Thread_test.csproj", "{C58490D0-9D2D-4138-906A-82DAB5510230}"
EndProject
Project("{FAE04EC0-301F-11D3-BF4B-00C04F79EFBC}") = "Thread_test2", "..\Thread_test2\Thread_test2.csproj", "{7A2FFC15-6F87-4548-AF19-D10B1439C04C}"
EndProject
Global
	GlobalSection(SolutionConfigurationPlatforms) = preSolution
		Debug|Any CPU = Debug|Any CPU
		Release|Any CPU = Release|Any CPU
	EndGlobalSection
	GlobalSection(ProjectConfigurationPlatforms) = postSolution
		{C58490D0-9D2D-4138-906A-82DAB5510230}.Debug|Any CPU.ActiveCfg = Debug|Any CPU
		{C58490D0-9D2D-4138-906A-82DAB5510230}.Debug|Any CPU.Build.0 = Debug|Any CPU
		{C58490D0-9D2D-4138-906A-82DAB5510230}.Release|Any CPU.ActiveCfg = Release|Any CPU
		{C58490D0-9D2D-4138-906A-82DAB5510230}.Release|Any CPU.Build.0 = Release|Any CPU
		{7A2FFC15-6F87-4548-AF19-D10B1439C04C}.Debug|Any CPU.ActiveCfg = Debug|Any CPU
		{7A2FFC15-6F87-4548-AF19-D10B1439C04C}.Debug|Any CPU.Build.0 = Debug|Any CPU
		{7A2FFC15-6F87-4548-AF19-D10B1439C04C}.Release|Any CPU.ActiveCfg = Release|Any CPU
		{7A2FFC15-6F87-4548-AF19-D10B1439C04C}.Release|Any CPU.Build.0 = Release|Any CPU
	EndGlobalSection
	GlobalSection(SolutionProperties) = preSolution
		HideSolutionNode = FALSE
	EndGlobalSection
	GlobalSection(ExtensibilityGlobals) = postSolution
		SolutionGuid = {53DD7530-C635-4E03-8E21-5DAC0167D4F7}
	EndGlobalSection
EndGlobal
